
Microsoft Visual Studio Solution File, Format Version 12.00
# Visual Studio Version 16
VisualStudioVersion = 16.0.29306.81
MinimumVisualStudioVersion = 10.0.40219.1
Project("{FAE04EC0-301F-11D3-BF4B-00C04F79EFBC}") = "Lab_4", "Lab_4\Lab_4.csproj", "{FA6968FF-C47F-48BE-B93B-FD29AB784DA3}"
EndProject
Global
	GlobalSection(SolutionConfigurationPlatforms) = preSolution
		Debug|Any CPU = Debug|Any CPU
		Release|Any CPU = Release|Any CPU
	EndGlobalSection
	GlobalSection(ProjectConfigurationPlatforms) = postSolution
		{FA6968FF-C47F-48BE-B93B-FD29AB784DA3}.Debug|Any CPU.ActiveCfg = Debug|Any CPU
		{FA6968FF-C47F-48BE-B93B-FD29AB784DA3}.Debug|Any CPU.Build.0 = Debug|Any CPU
		{FA6968FF-C47F-48BE-B93B-FD29AB784DA3}.Release|Any CPU.ActiveCfg = Release|Any CPU
		{FA6968FF-C47F-48BE-B93B-FD29AB784DA3}.Release|Any CPU.Build.0 = Release|Any CPU
	EndGlobalSection
	GlobalSection(SolutionProperties) = preSolution
		HideSolutionNode = FALSE
	EndGlobalSection
	GlobalSection(ExtensibilityGlobals) = postSolution
		SolutionGuid = {A75AFDB4-7E9E-4E48-939E-C68D32FCF249}
	EndGlobalSection
EndGlobal
